Microsoft Visual Studio Solution File, Format Version 12.00
# Visual Studio Version 17
VisualStudioVersion = 17.5.2.0
MinimumVisualStudioVersion = 10.0.40219.1
Project("{FAE04EC0-301F-11D3-BF4B-00C04F79EFBC}") = "vitalschair_prod_v1", "vitalschair_prod_v1.csproj", "{0840C6D9-07D5-D5EB-2B0C-3143F4B8F8EC}"
EndProject
Global
	GlobalSection(SolutionConfigurationPlatforms) = preSolution
		Debug|Any CPU = Debug|Any CPU
		Release|Any CPU = Release|Any CPU
	EndGlobalSection
	GlobalSection(ProjectConfigurationPlatforms) = postSolution
		{0840C6D9-07D5-D5EB-2B0C-3143F4B8F8EC}.Debug|Any CPU.ActiveCfg = Debug|Any CPU
		{0840C6D9-07D5-D5EB-2B0C-3143F4B8F8EC}.Debug|Any CPU.Build.0 = Debug|Any CPU
		{0840C6D9-07D5-D5EB-2B0C-3143F4B8F8EC}.Release|Any CPU.ActiveCfg = Release|Any CPU
		{0840C6D9-07D5-D5EB-2B0C-3143F4B8F8EC}.Release|Any CPU.Build.0 = Release|Any CPU
	EndGlobalSection
	GlobalSection(SolutionProperties) = preSolution
		HideSolutionNode = FALSE
	EndGlobalSection
	GlobalSection(ExtensibilityGlobals) = postSolution
		SolutionGuid = {6A6D1261-0758-426D-A6EF-EBF8D998D57E}
	EndGlobalSection
EndGlobal
